
Microsoft Visual Studio Solution File, Format Version 12.00
# Visual Studio Version 16
VisualStudioVersion = 16.0.30907.101
MinimumVisualStudioVersion = 10.0.40219.1
Project("{9A19103F-16F7-4668-BE54-9A1E7A4F7556}") = "DataAccess", "DataAccess\DataAccess.csproj", "{4B1AC189-62FB-4721-908E-15E57E197434}"
EndProject
Project("{9A19103F-16F7-4668-BE54-9A1E7A4F7556}") = "Business", "Business\Business.csproj", "{A2196312-3357-427B-B807-C97D1E464B4F}"
EndProject
Project("{9A19103F-16F7-4668-BE54-9A1E7A4F7556}") = "Entities", "Entities\Entities.csproj", "{9AFD4E45-DAD8-48BD-B3B5-47ADD16133CB}"
EndProject
Project("{9A19103F-16F7-4668-BE54-9A1E7A4F7556}") = "ConsoleUI", "ConsoleUI\ConsoleUI.csproj", "{57D4DEE4-D20B-4A81-921B-D5D636C6D51A}"
EndProject
Project("{FAE04EC0-301F-11D3-BF4B-00C04F79EFBC}") = "Core", "Core\Core.csproj", "{300CA87E-08EA-4B1F-9960-2CCB71E808E1}"
EndProject
Global
	GlobalSection(SolutionConfigurationPlatforms) = preSolution
		Debug|Any CPU = Debug|Any CPU
		Release|Any CPU = Release|Any CPU
	EndGlobalSection
	GlobalSection(ProjectConfigurationPlatforms) = postSolution
		{4B1AC189-62FB-4721-908E-15E57E197434}.Debug|Any CPU.ActiveCfg = Debug|Any CPU
		{4B1AC189-62FB-4721-908E-15E57E197434}.Debug|Any CPU.Build.0 = Debug|Any CPU
		{4B1AC189-62FB-4721-908E-15E57E197434}.Release|Any CPU.ActiveCfg = Release|Any CPU
		{4B1AC189-62FB-4721-908E-15E57E197434}.Release|Any CPU.Build.0 = Release|Any CPU
		{A2196312-3357-427B-B807-C97D1E464B4F}.Debug|Any CPU.ActiveCfg = Debug|Any CPU
		{A2196312-3357-427B-B807-C97D1E464B4F}.Debug|Any CPU.Build.0 = Debug|Any CPU
		{A2196312-3357-427B-B807-C97D1E464B4F}.Release|Any CPU.ActiveCfg = Release|Any CPU
		{A2196312-3357-427B-B807-C97D1E464B4F}.Release|Any CPU.Build.0 = Release|Any CPU
		{9AFD4E45-DAD8-48BD-B3B5-47ADD16133CB}.Debug|Any CPU.ActiveCfg = Debug|Any CPU
		{9AFD4E45-DAD8-48BD-B3B5-47ADD16133CB}.Debug|Any CPU.Build.0 = Debug|Any CPU
		{9AFD4E45-DAD8-48BD-B3B5-47ADD16133CB}.Release|Any CPU.ActiveCfg = Release|Any CPU
		{9AFD4E45-DAD8-48BD-B3B5-47ADD16133CB}.Release|Any CPU.Build.0 = Release|Any CPU
		{57D4DEE4-D20B-4A81-921B-D5D636C6D51A}.Debug|Any CPU.ActiveCfg = Debug|Any CPU
		{57D4DEE4-D20B-4A81-921B-D5D636C6D51A}.Debug|Any CPU.Build.0 = Debug|Any CPU
		{57D4DEE4-D20B-4A81-921B-D5D636C6D51A}.Release|Any CPU.ActiveCfg = Release|Any CPU
		{57D4DEE4-D20B-4A81-921B-D5D636C6D51A}.Release|Any CPU.Build.0 = Release|Any CPU
		{300CA87E-08EA-4B1F-9960-2CCB71E808E1}.Debug|Any CPU.ActiveCfg = Debug|Any CPU
		{300CA87E-08EA-4B1F-9960-2CCB71E808E1}.Debug|Any CPU.Build.0 = Debug|Any CPU
		{300CA87E-08EA-4B1F-9960-2CCB71E808E1}.Release|Any CPU.ActiveCfg = Release|Any CPU
		{300CA87E-08EA-4B1F-9960-2CCB71E808E1}.Release|Any CPU.Build.0 = Release|Any CPU
	EndGlobalSection
	GlobalSection(SolutionProperties) = preSolution
		HideSolutionNode = FALSE
	EndGlobalSection
	GlobalSection(ExtensibilityGlobals) = postSolution
		SolutionGuid = {EECBE986-7939-4DE6-8DF3-D62E12A63E61}
	EndGlobalSection
EndGlobal
